
Microsoft Visual Studio Solution File, Format Version 12.00
# Visual Studio Version 16
VisualStudioVersion = 16.0.30114.105
MinimumVisualStudioVersion = 10.0.40219.1
Project("{FAE04EC0-301F-11D3-BF4B-00C04F79EFBC}") = "Schafkopf.Lib", "Schafkopf.Lib\Schafkopf.Lib.csproj", "{12B6A27D-ECD3-4F4D-AB97-169399DB70C5}"
EndProject
Project("{FAE04EC0-301F-11D3-BF4B-00C04F79EFBC}") = "Schafkopf.Lib.Tests", "Schafkopf.Lib.Tests\Schafkopf.Lib.Tests.csproj", "{110E386E-CE31-4DAB-921F-A68398C119E0}"
EndProject
Project("{FAE04EC0-301F-11D3-BF4B-00C04F79EFBC}") = "Schafkopf.Training", "Schafkopf.Training\Schafkopf.Training.csproj", "{C140BAC8-A092-4F05-874A-52723441962C}"
EndProject
Project("{FAE04EC0-301F-11D3-BF4B-00C04F79EFBC}") = "Schafkopf.Lib.Benchmarks", "Schafkopf.Lib.Benchmarks\Schafkopf.Lib.Benchmarks.csproj", "{DD963242-E945-4588-97AF-C13704EEC82E}"
EndProject
Project("{FAE04EC0-301F-11D3-BF4B-00C04F79EFBC}") = "Schafkopf.Training.Tests", "Schafkopf.Training.Tests\Schafkopf.Training.Tests.csproj", "{BE812100-DF7C-45F3-B7CC-37A7847588AB}"
EndProject
Project("{FAE04EC0-301F-11D3-BF4B-00C04F79EFBC}") = "RLNetDemo", "RLNetDemo\RLNetDemo.csproj", "{3BBB9EC8-2DB2-4691-988F-5FFE2DFE8AD5}"
EndProject
Global
	GlobalSection(SolutionConfigurationPlatforms) = preSolution
		Debug|Any CPU = Debug|Any CPU
		Release|Any CPU = Release|Any CPU
	EndGlobalSection
	GlobalSection(SolutionProperties) = preSolution
		HideSolutionNode = FALSE
	EndGlobalSection
	GlobalSection(ProjectConfigurationPlatforms) = postSolution
		{12B6A27D-ECD3-4F4D-AB97-169399DB70C5}.Debug|Any CPU.ActiveCfg = Debug|Any CPU
		{12B6A27D-ECD3-4F4D-AB97-169399DB70C5}.Debug|Any CPU.Build.0 = Debug|Any CPU
		{12B6A27D-ECD3-4F4D-AB97-169399DB70C5}.Release|Any CPU.ActiveCfg = Release|Any CPU
		{12B6A27D-ECD3-4F4D-AB97-169399DB70C5}.Release|Any CPU.Build.0 = Release|Any CPU
		{110E386E-CE31-4DAB-921F-A68398C119E0}.Debug|Any CPU.ActiveCfg = Debug|Any CPU
		{110E386E-CE31-4DAB-921F-A68398C119E0}.Debug|Any CPU.Build.0 = Debug|Any CPU
		{110E386E-CE31-4DAB-921F-A68398C119E0}.Release|Any CPU.ActiveCfg = Release|Any CPU
		{110E386E-CE31-4DAB-921F-A68398C119E0}.Release|Any CPU.Build.0 = Release|Any CPU
		{C140BAC8-A092-4F05-874A-52723441962C}.Debug|Any CPU.ActiveCfg = Debug|Any CPU
		{C140BAC8-A092-4F05-874A-52723441962C}.Debug|Any CPU.Build.0 = Debug|Any CPU
		{C140BAC8-A092-4F05-874A-52723441962C}.Release|Any CPU.ActiveCfg = Release|Any CPU
		{C140BAC8-A092-4F05-874A-52723441962C}.Release|Any CPU.Build.0 = Release|Any CPU
		{DD963242-E945-4588-97AF-C13704EEC82E}.Debug|Any CPU.ActiveCfg = Debug|Any CPU
		{DD963242-E945-4588-97AF-C13704EEC82E}.Debug|Any CPU.Build.0 = Debug|Any CPU
		{DD963242-E945-4588-97AF-C13704EEC82E}.Release|Any CPU.ActiveCfg = Release|Any CPU
		{DD963242-E945-4588-97AF-C13704EEC82E}.Release|Any CPU.Build.0 = Release|Any CPU
		{BE812100-DF7C-45F3-B7CC-37A7847588AB}.Debug|Any CPU.ActiveCfg = Debug|Any CPU
		{BE812100-DF7C-45F3-B7CC-37A7847588AB}.Debug|Any CPU.Build.0 = Debug|Any CPU
		{BE812100-DF7C-45F3-B7CC-37A7847588AB}.Release|Any CPU.ActiveCfg = Release|Any CPU
		{BE812100-DF7C-45F3-B7CC-37A7847588AB}.Release|Any CPU.Build.0 = Release|Any CPU
		{3BBB9EC8-2DB2-4691-988F-5FFE2DFE8AD5}.Debug|Any CPU.ActiveCfg = Debug|Any CPU
		{3BBB9EC8-2DB2-4691-988F-5FFE2DFE8AD5}.Debug|Any CPU.Build.0 = Debug|Any CPU
		{3BBB9EC8-2DB2-4691-988F-5FFE2DFE8AD5}.Release|Any CPU.ActiveCfg = Release|Any CPU
		{3BBB9EC8-2DB2-4691-988F-5FFE2DFE8AD5}.Release|Any CPU.Build.0 = Release|Any CPU
	EndGlobalSection
EndGlobal
